
Microsoft Visual Studio Solution File, Format Version 12.00
# Visual Studio 15
VisualStudioVersion = 15.0.27703.2047
MinimumVisualStudioVersion = 10.0.40219.1
Project("{2150E333-8FDC-42A3-9474-1A3956D46DE8}") = "PRESENTACION", "PRESENTACION", "{E57A7977-6171-4DC9-8891-3D44B32A54D9}"
EndProject
Project("{2150E333-8FDC-42A3-9474-1A3956D46DE8}") = "LOGICA", "LOGICA", "{1715B9FC-F456-49E0-82E3-0C50E40E73E4}"
EndProject
Project("{2150E333-8FDC-42A3-9474-1A3956D46DE8}") = "DATOS", "DATOS", "{D82B2BC8-5F23-4D88-B483-FDF089A05355}"
EndProject
Project("{FAE04EC0-301F-11D3-BF4B-00C04F79EFBC}") = "IAP.DL", "IAP.DL\IAP.DL.csproj", "{C6947A5F-1D5F-4534-971F-8EAF6F55A032}"
EndProject
Project("{FAE04EC0-301F-11D3-BF4B-00C04F79EFBC}") = "IAP.Win", "IAP.Win\IAP.Win.csproj", "{13CB5626-8848-4D3C-88D9-18279C9BD005}"
EndProject
Project("{FAE04EC0-301F-11D3-BF4B-00C04F79EFBC}") = "IAP.BL", "IAP.BL\IAP.BL.csproj", "{8E467625-D8D0-4F70-BA69-0285999CBCFC}"
EndProject
Project("{2150E333-8FDC-42A3-9474-1A3956D46DE8}") = "ENTIDAD", "ENTIDAD", "{E9004D49-817B-4E1D-B45B-2F9451B95EA1}"
EndProject
Project("{FAE04EC0-301F-11D3-BF4B-00C04F79EFBC}") = "IAP.BE", "WS_ANDROID\IAP.BE.csproj", "{09827EEB-3ADE-4B02-B83A-08A5BED1B568}"
EndProject
Project("{2150E333-8FDC-42A3-9474-1A3956D46DE8}") = "SCRIPTS_TEMP", "SCRIPTS_TEMP", "{EEB55C35-4A03-45AD-BCAA-A4F34AADB645}"
	ProjectSection(SolutionItems) = preProject
		Arqueo_OS.sql = Arqueo_OS.sql
		Codigo de Errores NubeFact.txt = Codigo de Errores NubeFact.txt
		CrearTablasNabasoft.sql = CrearTablasNabasoft.sql
		Dashboard_VentasyOS.sql = Dashboard_VentasyOS.sql
		FE_Telesoluciones.sql = FE_Telesoluciones.sql
		MODIFICACION DE TABLAS FE FULL.sql = MODIFICACION DE TABLAS FE FULL.sql
		PROCEDIMIENTOS DE FE FULL.sql = PROCEDIMIENTOS DE FE FULL.sql
		RepositorioXML.sql = RepositorioXML.sql
		ScriptEnvioEmail.sql = ScriptEnvioEmail.sql
		ScriptFE.sql = ScriptFE.sql
		ScriptFormatos.sql = ScriptFormatos.sql
		ScriptLetrasEmitidas.sql = ScriptLetrasEmitidas.sql
		ScriptListaPrecios.sql = ScriptListaPrecios.sql
		ScriptOrdenServicio.sql = ScriptOrdenServicio.sql
		ScriptRegistroClientesSunat.sql = ScriptRegistroClientesSunat.sql
		..\Desktop\Tablas Navasoft.XLS = ..\Desktop\Tablas Navasoft.XLS
	EndProjectSection
EndProject
Project("{FAE04EC0-301F-11D3-BF4B-00C04F79EFBC}") = "FormatoFacturaFE", "FormatoFacturaFE\FormatoFacturaFE.csproj", "{7458A525-4258-438E-AD88-EE869E639F19}"
EndProject
Project("{2150E333-8FDC-42A3-9474-1A3956D46DE8}") = "INTRANET", "INTRANET", "{8740A073-A01A-4593-A18B-40E2F3E685FF}"
EndProject
Project("{FAE04EC0-301F-11D3-BF4B-00C04F79EFBC}") = "IAP.WEB", "IAP.WEB\IAP.WEB.csproj", "{DFFB2537-8D45-4113-BFFF-04A46219DAC9}"
	ProjectSection(ProjectDependencies) = postProject
		{C7E2968B-30FB-49E3-8E67-690977C00560} = {C7E2968B-30FB-49E3-8E67-690977C00560}
	EndProjectSection
EndProject
Project("{2150E333-8FDC-42A3-9474-1A3956D46DE8}") = "WCF", "WCF", "{D231EF15-33E4-448A-8418-CB98533746CB}"
EndProject
Project("{FAE04EC0-301F-11D3-BF4B-00C04F79EFBC}") = "IAP.WCF", "IAP.WCF\IAP.WCF.csproj", "{C7E2968B-30FB-49E3-8E67-690977C00560}"
EndProject
Project("{2150E333-8FDC-42A3-9474-1A3956D46DE8}") = "Intranet", "Intranet", "{71DCDDEF-2EF2-470E-89AC-9A9C6F908B3D}"
	ProjectSection(SolutionItems) = preProject
		Intranet.sql = Intranet.sql
	EndProjectSection
EndProject
Project("{FAE04EC0-301F-11D3-BF4B-00C04F79EFBC}") = "IAP.INTRANET", "IAP.INTRANET\IAP.INTRANET.csproj", "{F7EC5960-78CA-4F2D-974D-7B33451955B0}"
EndProject
Project("{FAE04EC0-301F-11D3-BF4B-00C04F79EFBC}") = "FormatoBoletaFE", "FormatoBoletaFE\FormatoBoletaFE.csproj", "{DA42463B-516B-46CC-BF3C-46B78B67F1F1}"
EndProject
Project("{FAE04EC0-301F-11D3-BF4B-00C04F79EFBC}") = "FormatoGuiaFE", "FormatoGuiaFE\FormatoGuiaFE.csproj", "{128352A5-8E64-4B40-B092-7B3D3F13DB7B}"
EndProject
Project("{2150E333-8FDC-42A3-9474-1A3956D46DE8}") = "Xml_Dashboard", "Xml_Dashboard", "{D3B6A1D5-EA22-44AF-B899-F6BA862E6601}"
	ProjectSection(SolutionItems) = preProject
		C:\Users\Andy\Documents\FE HANS\DASHBOARD_VENTAS_v2.xml = C:\Users\Andy\Documents\FE HANS\DASHBOARD_VENTAS_v2.xml
	EndProjectSection
EndProject
Project("{2150E333-8FDC-42A3-9474-1A3956D46DE8}") = "ProyectosConsola", "ProyectosConsola", "{EB820020-48FF-4617-95D4-8FD420D7B878}"
EndProject
Project("{FAE04EC0-301F-11D3-BF4B-00C04F79EFBC}") = "EnvioDocElectronico", "EnvioDocElectronico\EnvioDocElectronico.csproj", "{07139A70-58CB-46B4-825B-2D24456155B0}"
EndProject
Global
	GlobalSection(SolutionConfigurationPlatforms) = preSolution
		Debug|Any CPU = Debug|Any CPU
		Release|Any CPU = Release|Any CPU
	EndGlobalSection
	GlobalSection(ProjectConfigurationPlatforms) = postSolution
		{C6947A5F-1D5F-4534-971F-8EAF6F55A032}.Debug|Any CPU.ActiveCfg = Debug|Any CPU
		{C6947A5F-1D5F-4534-971F-8EAF6F55A032}.Debug|Any CPU.Build.0 = Debug|Any CPU
		{C6947A5F-1D5F-4534-971F-8EAF6F55A032}.Release|Any CPU.ActiveCfg = Release|Any CPU
		{C6947A5F-1D5F-4534-971F-8EAF6F55A032}.Release|Any CPU.Build.0 = Release|Any CPU
		{13CB5626-8848-4D3C-88D9-18279C9BD005}.Debug|Any CPU.ActiveCfg = Debug|Any CPU
		{13CB5626-8848-4D3C-88D9-18279C9BD005}.Debug|Any CPU.Build.0 = Debug|Any CPU
		{13CB5626-8848-4D3C-88D9-18279C9BD005}.Release|Any CPU.ActiveCfg = Release|Any CPU
		{13CB5626-8848-4D3C-88D9-18279C9BD005}.Release|Any CPU.Build.0 = Release|Any CPU
		{8E467625-D8D0-4F70-BA69-0285999CBCFC}.Debug|Any CPU.ActiveCfg = Debug|Any CPU
		{8E467625-D8D0-4F70-BA69-0285999CBCFC}.Debug|Any CPU.Build.0 = Debug|Any CPU
		{8E467625-D8D0-4F70-BA69-0285999CBCFC}.Release|Any CPU.ActiveCfg = Release|Any CPU
		{8E467625-D8D0-4F70-BA69-0285999CBCFC}.Release|Any CPU.Build.0 = Release|Any CPU
		{09827EEB-3ADE-4B02-B83A-08A5BED1B568}.Debug|Any CPU.ActiveCfg = Debug|Any CPU
		{09827EEB-3ADE-4B02-B83A-08A5BED1B568}.Debug|Any CPU.Build.0 = Debug|Any CPU
		{09827EEB-3ADE-4B02-B83A-08A5BED1B568}.Release|Any CPU.ActiveCfg = Release|Any CPU
		{09827EEB-3ADE-4B02-B83A-08A5BED1B568}.Release|Any CPU.Build.0 = Release|Any CPU
		{7458A525-4258-438E-AD88-EE869E639F19}.Debug|Any CPU.ActiveCfg = Debug|Any CPU
		{7458A525-4258-438E-AD88-EE869E639F19}.Debug|Any CPU.Build.0 = Debug|Any CPU
		{7458A525-4258-438E-AD88-EE869E639F19}.Release|Any CPU.ActiveCfg = Release|Any CPU
		{7458A525-4258-438E-AD88-EE869E639F19}.Release|Any CPU.Build.0 = Release|Any CPU
		{DFFB2537-8D45-4113-BFFF-04A46219DAC9}.Debug|Any CPU.ActiveCfg = Debug|Any CPU
		{DFFB2537-8D45-4113-BFFF-04A46219DAC9}.Debug|Any CPU.Build.0 = Debug|Any CPU
		{DFFB2537-8D45-4113-BFFF-04A46219DAC9}.Release|Any CPU.ActiveCfg = Release|Any CPU
		{DFFB2537-8D45-4113-BFFF-04A46219DAC9}.Release|Any CPU.Build.0 = Release|Any CPU
		{C7E2968B-30FB-49E3-8E67-690977C00560}.Debug|Any CPU.ActiveCfg = Debug|Any CPU
		{C7E2968B-30FB-49E3-8E67-690977C00560}.Debug|Any CPU.Build.0 = Debug|Any CPU
		{C7E2968B-30FB-49E3-8E67-690977C00560}.Release|Any CPU.ActiveCfg = Release|Any CPU
		{C7E2968B-30FB-49E3-8E67-690977C00560}.Release|Any CPU.Build.0 = Release|Any CPU
		{F7EC5960-78CA-4F2D-974D-7B33451955B0}.Debug|Any CPU.ActiveCfg = Debug|Any CPU
		{F7EC5960-78CA-4F2D-974D-7B33451955B0}.Debug|Any CPU.Build.0 = Debug|Any CPU
		{F7EC5960-78CA-4F2D-974D-7B33451955B0}.Release|Any CPU.ActiveCfg = Release|Any CPU
		{F7EC5960-78CA-4F2D-974D-7B33451955B0}.Release|Any CPU.Build.0 = Release|Any CPU
		{DA42463B-516B-46CC-BF3C-46B78B67F1F1}.Debug|Any CPU.ActiveCfg = Debug|Any CPU
		{DA42463B-516B-46CC-BF3C-46B78B67F1F1}.Debug|Any CPU.Build.0 = Debug|Any CPU
		{DA42463B-516B-46CC-BF3C-46B78B67F1F1}.Release|Any CPU.ActiveCfg = Release|Any CPU
		{DA42463B-516B-46CC-BF3C-46B78B67F1F1}.Release|Any CPU.Build.0 = Release|Any CPU
		{128352A5-8E64-4B40-B092-7B3D3F13DB7B}.Debug|Any CPU.ActiveCfg = Debug|Any CPU
		{128352A5-8E64-4B40-B092-7B3D3F13DB7B}.Debug|Any CPU.Build.0 = Debug|Any CPU
		{128352A5-8E64-4B40-B092-7B3D3F13DB7B}.Release|Any CPU.ActiveCfg = Release|Any CPU
		{128352A5-8E64-4B40-B092-7B3D3F13DB7B}.Release|Any CPU.Build.0 = Release|Any CPU
		{07139A70-58CB-46B4-825B-2D24456155B0}.Debug|Any CPU.ActiveCfg = Debug|Any CPU
		{07139A70-58CB-46B4-825B-2D24456155B0}.Debug|Any CPU.Build.0 = Debug|Any CPU
		{07139A70-58CB-46B4-825B-2D24456155B0}.Release|Any CPU.ActiveCfg = Release|Any CPU
		{07139A70-58CB-46B4-825B-2D24456155B0}.Release|Any CPU.Build.0 = Release|Any CPU
	EndGlobalSection
	GlobalSection(SolutionProperties) = preSolution
		HideSolutionNode = FALSE
	EndGlobalSection
	GlobalSection(NestedProjects) = preSolution
		{C6947A5F-1D5F-4534-971F-8EAF6F55A032} = {D82B2BC8-5F23-4D88-B483-FDF089A05355}
		{13CB5626-8848-4D3C-88D9-18279C9BD005} = {E57A7977-6171-4DC9-8891-3D44B32A54D9}
		{8E467625-D8D0-4F70-BA69-0285999CBCFC} = {1715B9FC-F456-49E0-82E3-0C50E40E73E4}
		{09827EEB-3ADE-4B02-B83A-08A5BED1B568} = {E9004D49-817B-4E1D-B45B-2F9451B95EA1}
		{7458A525-4258-438E-AD88-EE869E639F19} = {E57A7977-6171-4DC9-8891-3D44B32A54D9}
		{DFFB2537-8D45-4113-BFFF-04A46219DAC9} = {8740A073-A01A-4593-A18B-40E2F3E685FF}
		{C7E2968B-30FB-49E3-8E67-690977C00560} = {D231EF15-33E4-448A-8418-CB98533746CB}
		{71DCDDEF-2EF2-470E-89AC-9A9C6F908B3D} = {EEB55C35-4A03-45AD-BCAA-A4F34AADB645}
		{F7EC5960-78CA-4F2D-974D-7B33451955B0} = {8740A073-A01A-4593-A18B-40E2F3E685FF}
		{DA42463B-516B-46CC-BF3C-46B78B67F1F1} = {E57A7977-6171-4DC9-8891-3D44B32A54D9}
		{128352A5-8E64-4B40-B092-7B3D3F13DB7B} = {E57A7977-6171-4DC9-8891-3D44B32A54D9}
		{D3B6A1D5-EA22-44AF-B899-F6BA862E6601} = {EEB55C35-4A03-45AD-BCAA-A4F34AADB645}
		{EB820020-48FF-4617-95D4-8FD420D7B878} = {E57A7977-6171-4DC9-8891-3D44B32A54D9}
		{07139A70-58CB-46B4-825B-2D24456155B0} = {EB820020-48FF-4617-95D4-8FD420D7B878}
	EndGlobalSection
	GlobalSection(ExtensibilityGlobals) = postSolution
		SolutionGuid = {F27B3AA7-6177-489F-8D24-312BD1C599AD}
	EndGlobalSection
EndGlobal
